
Microsoft Visual Studio Solution File, Format Version 12.00
# Visual Studio Version 17
VisualStudioVersion = 17.3.32819.101
MinimumVisualStudioVersion = 10.0.40219.1
Project("{FAE04EC0-301F-11D3-BF4B-00C04F79EFBC}") = "Statck_Queues_Program", "Statck_Queues_Program.csproj", "{539322AD-8AFE-4EB7-B668-241182D3C3B9}"
EndProject
Global
	GlobalSection(SolutionConfigurationPlatforms) = preSolution
		Debug|Any CPU = Debug|Any CPU
		Release|Any CPU = Release|Any CPU
	EndGlobalSection
	GlobalSection(ProjectConfigurationPlatforms) = postSolution
		{539322AD-8AFE-4EB7-B668-241182D3C3B9}.Debug|Any CPU.ActiveCfg = Debug|Any CPU
		{539322AD-8AFE-4EB7-B668-241182D3C3B9}.Debug|Any CPU.Build.0 = Debug|Any CPU
		{539322AD-8AFE-4EB7-B668-241182D3C3B9}.Release|Any CPU.ActiveCfg = Release|Any CPU
		{539322AD-8AFE-4EB7-B668-241182D3C3B9}.Release|Any CPU.Build.0 = Release|Any CPU
	EndGlobalSection
	GlobalSection(SolutionProperties) = preSolution
		HideSolutionNode = FALSE
	EndGlobalSection
	GlobalSection(ExtensibilityGlobals) = postSolution
		SolutionGuid = {65692AE3-7261-4BD7-8E75-749CB2A123C5}
	EndGlobalSection
EndGlobal
